<?xml version="1.0" encoding="UTF-8" standalone="yes" ?>
<CodeBlocks_project_file>
	<FileVersion major="1" minor="6" />
	<Project>
		<Option title="AlgoSystem" />
		<Option pch_mode="2" />
		<Option compiler="gcc" />
		<Build>
			<Target title="Debug">
				<Option output="bin/Debug/AlgoSystem" prefix_auto="1" extension_auto="1" />
				<Option object_output="obj/Debug/" />
				<Option type="1" />
				<Option compiler="gcc" />
				<Compiler>
					<Add option="-g" />
					<Add directory="include" />
				</Compiler>
			</Target>
			<Target title="Release">
				<Option output="bin/Release/AlgoSystem" prefix_auto="1" extension_auto="1" />
				<Option object_output="obj/Release/" />
				<Option type="1" />
				<Option compiler="gcc" />
				<Compiler>
					<Add option="-O2" />
					<Add directory="include" />
				</Compiler>
				<Linker>
					<Add option="-s" />
				</Linker>
			</Target>
		</Build>
		<Compiler>
			<Add option="-Wall" />
		</Compiler>
		<Unit filename="AlgoManager.cpp" />
		<Unit filename="AlgoManager.h" />
		<Unit filename="ArrayManager.cpp" />
		<Unit filename="ArrayManager.h" />
		<Unit filename="CharManager.cpp" />
		<Unit filename="CharManager.h" />
		<Unit filename="DataStructureParent.h" />
		<Unit filename="algosystem.cpp" />
		<Unit filename="array_handler.cpp" />
		<Unit filename="array_handler.h" />
		<Unit filename="char_handler.cpp" />
		<Unit filename="char_handler.h" />
		<Unit filename="globals.h" />
		<Unit filename="list_handler.cpp" />
		<Unit filename="list_handler.h" />
		<Extensions>
			<code_completion />
			<envvars />
			<debugger />
		</Extensions>
	</Project>
</CodeBlocks_project_file>
